{
  "name": "node_application",
  "version": "1.0.0",
  "lockfileVersion": 2,
  "requires": true,
  "packages": {
    "": {
      "name": "node_application",
      "version": "1.0.0",
      "license": "ISC"
    },
    "../Colors": {
      "name": "colors",
      "version": "1.0.0",
      "extraneous": true,
      "license": "ISC"
    }
  }
}
